
Microsoft Visual Studio Solution File, Format Version 12.00
# Visual Studio 2013
VisualStudioVersion = 12.0.31101.0
MinimumVisualStudioVersion = 10.0.40219.1
Project("{2150E333-8FDC-42A3-9474-1A3956D46DE8}") = "DatabaseScript", "DatabaseScript", "{534CFF1F-99F1-4B21-A10C-4533778DDC18}"
EndProject
Project("{FAE04EC0-301F-11D3-BF4B-00C04F79EFBC}") = "Database.Scripts", "Database.Scripts\Database.Scripts.csproj", "{2C957E5B-408D-4FD2-926E-63F5412EE1C9}"
EndProject
Project("{2150E333-8FDC-42A3-9474-1A3956D46DE8}") = "Documents", "Documents", "{92138A98-81BF-4D5C-AF64-15FE8234526F}"
EndProject
Project("{2150E333-8FDC-42A3-9474-1A3956D46DE8}") = "Framework", "Framework", "{A1C9D23A-2E42-4DD1-B971-CABD68CD60B5}"
EndProject
Project("{FAE04EC0-301F-11D3-BF4B-00C04F79EFBC}") = "Framework.BusinessRule", "Framework.BusinessRule\Framework.BusinessRule.csproj", "{1EF08624-C727-4F0B-ABCD-A49ADC3EB8BA}"
EndProject
Project("{FAE04EC0-301F-11D3-BF4B-00C04F79EFBC}") = "Framework.DataAnnotations", "Framework.DataAnnotations\Framework.DataAnnotations.csproj", "{4294FADF-F4E6-4385-99C1-0B51D91A06F4}"
EndProject
Project("{FAE04EC0-301F-11D3-BF4B-00C04F79EFBC}") = "Framework.DomainModel", "Framework.DomainModel\Framework.DomainModel.csproj", "{04587770-630F-4A36-924D-861A74E02171}"
EndProject
Project("{FAE04EC0-301F-11D3-BF4B-00C04F79EFBC}") = "Framework.Exceptions", "Framework.Exceptions\Framework.Exceptions.csproj", "{C8D7FDB3-AD8C-4EF3-AFD3-0D8F661390C3}"
EndProject
Project("{FAE04EC0-301F-11D3-BF4B-00C04F79EFBC}") = "Framework.Mapping", "Framework.Mapping\Framework.Mapping.csproj", "{F7BE2340-918C-40E7-BA8A-00AC98005EB8}"
EndProject
Project("{FAE04EC0-301F-11D3-BF4B-00C04F79EFBC}") = "Framework.Paging", "Framework.Paging\Framework.Paging.csproj", "{F20AD8A5-6759-467C-848C-D7F9544CF9BD}"
EndProject
Project("{FAE04EC0-301F-11D3-BF4B-00C04F79EFBC}") = "Framework.QueryEngine", "Framework.QueryEngine\Framework.QueryEngine.csproj", "{57A5848D-E248-43C5-AB62-8E21D94F1551}"
EndProject
Project("{FAE04EC0-301F-11D3-BF4B-00C04F79EFBC}") = "Framework.Repositories", "Framework.Repositories\Framework.Repositories.csproj", "{1A84274B-CC21-43F0-A586-D02AC32E0190}"
EndProject
Project("{FAE04EC0-301F-11D3-BF4B-00C04F79EFBC}") = "Framework.Service", "Framework.Service\Framework.Service.csproj", "{60FC5F14-C3E8-4A32-A0F0-17BBD23524F7}"
EndProject
Project("{FAE04EC0-301F-11D3-BF4B-00C04F79EFBC}") = "Framework.Utility", "Framework.Utility\Framework.Utility.csproj", "{C476D7B3-7814-48AA-87A1-ECAE8E8A7F4F}"
EndProject
Project("{FAE04EC0-301F-11D3-BF4B-00C04F79EFBC}") = "Common", "Common\Common.csproj", "{5D65E6D9-F3BA-415E-A199-8B40BC6AF57C}"
EndProject
Project("{FAE04EC0-301F-11D3-BF4B-00C04F79EFBC}") = "Repositories", "Repositories\Repositories.csproj", "{9699DCE4-6DD7-441B-B645-DDD8268BE838}"
EndProject
Project("{FAE04EC0-301F-11D3-BF4B-00C04F79EFBC}") = "Repositories.Interfaces", "Repositories.Interfaces\Repositories.Interfaces.csproj", "{AE067565-C1EB-48E0-9A27-028DEB48101D}"
EndProject
Project("{FAE04EC0-301F-11D3-BF4B-00C04F79EFBC}") = "ServiceLayer", "ServiceLayer\ServiceLayer.csproj", "{239D75AB-0684-4BD4-B94B-9BED3EB5F44C}"
EndProject
Project("{FAE04EC0-301F-11D3-BF4B-00C04F79EFBC}") = "ServiceLayer.Interfaces", "ServiceLayer.Interfaces\ServiceLayer.Interfaces.csproj", "{AE20F222-13BB-4182-B07E-C254C615788E}"
EndProject
Project("{FAE04EC0-301F-11D3-BF4B-00C04F79EFBC}") = "Framework.Web", "Framework.Web\Framework.Web.csproj", "{5AEB85E3-F139-43F1-B884-7F4455A4FA6B}"
EndProject
Project("{2150E333-8FDC-42A3-9474-1A3956D46DE8}") = "Consume", "Consume", "{43A189C6-6833-42C9-97D9-1581FDAAE161}"
EndProject
Project("{2150E333-8FDC-42A3-9474-1A3956D46DE8}") = "Distributed", "Distributed", "{82EE5C9D-DE99-482D-9790-B6B77D4BB187}"
EndProject
Project("{2150E333-8FDC-42A3-9474-1A3956D46DE8}") = ".nuget", ".nuget", "{6756522A-FC52-4BF6-A17D-34359C5DEB20}"
	ProjectSection(SolutionItems) = preProject
		.nuget\NuGet.Config = .nuget\NuGet.Config
		.nuget\NuGet.exe = .nuget\NuGet.exe
		.nuget\NuGet.targets = .nuget\NuGet.targets
	EndProjectSection
EndProject
Project("{FAE04EC0-301F-11D3-BF4B-00C04F79EFBC}") = "Database.Persistance", "Database.Persistance\Database.Persistance.csproj", "{DD2E9637-BDA1-4A33-BB30-CB9CA4412BFE}"
EndProject
Project("{FAE04EC0-301F-11D3-BF4B-00C04F79EFBC}") = "Consume.ServiceLayer.Interface", "Consume.ServiceLayer.Interface\Consume.ServiceLayer.Interface.csproj", "{8F128C29-2BBC-4FF3-B06B-01293AD5A83C}"
EndProject
Project("{FAE04EC0-301F-11D3-BF4B-00C04F79EFBC}") = "Consume.ServiceLayer", "Consume.ServiceLayer\Consume.ServiceLayer.csproj", "{3532EAED-77F3-434D-BE82-425D086AD8DD}"
EndProject
Project("{FAE04EC0-301F-11D3-BF4B-00C04F79EFBC}") = "ConfigValues", "Configuration\ConfigValues.csproj", "{E936BACE-2AFD-4FC4-B6A9-5F726B8F2122}"
EndProject
Project("{FAE04EC0-301F-11D3-BF4B-00C04F79EFBC}") = "Quickspatch.Document", "Quickspatch.Document\Quickspatch.Document.csproj", "{AA12F358-BA30-4157-A1E8-342DEF34A5B5}"
EndProject
Project("{FAE04EC0-301F-11D3-BF4B-00C04F79EFBC}") = "QuickspatchApi", "QuickspatchApi\QuickspatchApi.csproj", "{C0187C7D-3101-4BD0-86BB-9ACDF48D74A8}"
EndProject
Project("{FAE04EC0-301F-11D3-BF4B-00C04F79EFBC}") = "QuickspatchWeb", "QuickspatchWeb\QuickspatchWeb.csproj", "{4BCFD069-34A2-4D80-859A-B609B24D90AB}"
EndProject
Project("{FAE04EC0-301F-11D3-BF4B-00C04F79EFBC}") = "QuickSpatchWindowsService", "QuickSpatchWindowsService\QuickSpatchWindowsService.csproj", "{1DD31EA6-5A3E-4455-9976-E8D5EAB1C8B5}"
EndProject
Project("{FAE04EC0-301F-11D3-BF4B-00C04F79EFBC}") = "QuickSpatchManagementForm", "QuickSpatchManagementForm\QuickSpatchManagementForm.csproj", "{1A86CFFE-7976-4FC2-9BDF-91FA7AE6496F}"
EndProject
Global
	GlobalSection(SubversionScc) = preSolution
		Svn-Managed = True
		Manager = AnkhSVN - Subversion Support for Visual Studio
	EndGlobalSection
	GlobalSection(SolutionConfigurationPlatforms) = preSolution
		Debug|Any CPU = Debug|Any CPU
		Debug|x64 = Debug|x64
		Debug|x86 = Debug|x86
		Release|Any CPU = Release|Any CPU
		Release|x64 = Release|x64
		Release|x86 = Release|x86
	EndGlobalSection
	GlobalSection(ProjectConfigurationPlatforms) = postSolution
		{2C957E5B-408D-4FD2-926E-63F5412EE1C9}.Debug|Any CPU.ActiveCfg = Debug|Any CPU
		{2C957E5B-408D-4FD2-926E-63F5412EE1C9}.Debug|Any CPU.Build.0 = Debug|Any CPU
		{2C957E5B-408D-4FD2-926E-63F5412EE1C9}.Debug|x64.ActiveCfg = Debug|x64
		{2C957E5B-408D-4FD2-926E-63F5412EE1C9}.Debug|x64.Build.0 = Debug|x64
		{2C957E5B-408D-4FD2-926E-63F5412EE1C9}.Debug|x86.ActiveCfg = Debug|x86
		{2C957E5B-408D-4FD2-926E-63F5412EE1C9}.Debug|x86.Build.0 = Debug|x86
		{2C957E5B-408D-4FD2-926E-63F5412EE1C9}.Release|Any CPU.ActiveCfg = Release|Any CPU
		{2C957E5B-408D-4FD2-926E-63F5412EE1C9}.Release|Any CPU.Build.0 = Release|Any CPU
		{2C957E5B-408D-4FD2-926E-63F5412EE1C9}.Release|x64.ActiveCfg = Release|x64
		{2C957E5B-408D-4FD2-926E-63F5412EE1C9}.Release|x64.Build.0 = Release|x64
		{2C957E5B-408D-4FD2-926E-63F5412EE1C9}.Release|x86.ActiveCfg = Release|x86
		{2C957E5B-408D-4FD2-926E-63F5412EE1C9}.Release|x86.Build.0 = Release|x86
		{1EF08624-C727-4F0B-ABCD-A49ADC3EB8BA}.Debug|Any CPU.ActiveCfg = Debug|Any CPU
		{1EF08624-C727-4F0B-ABCD-A49ADC3EB8BA}.Debug|Any CPU.Build.0 = Debug|Any CPU
		{1EF08624-C727-4F0B-ABCD-A49ADC3EB8BA}.Debug|x64.ActiveCfg = Debug|x64
		{1EF08624-C727-4F0B-ABCD-A49ADC3EB8BA}.Debug|x64.Build.0 = Debug|x64
		{1EF08624-C727-4F0B-ABCD-A49ADC3EB8BA}.Debug|x86.ActiveCfg = Debug|x86
		{1EF08624-C727-4F0B-ABCD-A49ADC3EB8BA}.Debug|x86.Build.0 = Debug|x86
		{1EF08624-C727-4F0B-ABCD-A49ADC3EB8BA}.Release|Any CPU.ActiveCfg = Release|Any CPU
		{1EF08624-C727-4F0B-ABCD-A49ADC3EB8BA}.Release|Any CPU.Build.0 = Release|Any CPU
		{1EF08624-C727-4F0B-ABCD-A49ADC3EB8BA}.Release|x64.ActiveCfg = Release|x64
		{1EF08624-C727-4F0B-ABCD-A49ADC3EB8BA}.Release|x64.Build.0 = Release|x64
		{1EF08624-C727-4F0B-ABCD-A49ADC3EB8BA}.Release|x86.ActiveCfg = Release|x86
		{1EF08624-C727-4F0B-ABCD-A49ADC3EB8BA}.Release|x86.Build.0 = Release|x86
		{4294FADF-F4E6-4385-99C1-0B51D91A06F4}.Debug|Any CPU.ActiveCfg = Debug|Any CPU
		{4294FADF-F4E6-4385-99C1-0B51D91A06F4}.Debug|Any CPU.Build.0 = Debug|Any CPU
		{4294FADF-F4E6-4385-99C1-0B51D91A06F4}.Debug|x64.ActiveCfg = Debug|x64
		{4294FADF-F4E6-4385-99C1-0B51D91A06F4}.Debug|x64.Build.0 = Debug|x64
		{4294FADF-F4E6-4385-99C1-0B51D91A06F4}.Debug|x86.ActiveCfg = Debug|x86
		{4294FADF-F4E6-4385-99C1-0B51D91A06F4}.Debug|x86.Build.0 = Debug|x86
		{4294FADF-F4E6-4385-99C1-0B51D91A06F4}.Release|Any CPU.ActiveCfg = Release|Any CPU
		{4294FADF-F4E6-4385-99C1-0B51D91A06F4}.Release|Any CPU.Build.0 = Release|Any CPU
		{4294FADF-F4E6-4385-99C1-0B51D91A06F4}.Release|x64.ActiveCfg = Release|x64
		{4294FADF-F4E6-4385-99C1-0B51D91A06F4}.Release|x64.Build.0 = Release|x64
		{4294FADF-F4E6-4385-99C1-0B51D91A06F4}.Release|x86.ActiveCfg = Release|x86
		{4294FADF-F4E6-4385-99C1-0B51D91A06F4}.Release|x86.Build.0 = Release|x86
		{04587770-630F-4A36-924D-861A74E02171}.Debug|Any CPU.ActiveCfg = Debug|Any CPU
		{04587770-630F-4A36-924D-861A74E02171}.Debug|Any CPU.Build.0 = Debug|Any CPU
		{04587770-630F-4A36-924D-861A74E02171}.Debug|x64.ActiveCfg = Debug|x64
		{04587770-630F-4A36-924D-861A74E02171}.Debug|x64.Build.0 = Debug|x64
		{04587770-630F-4A36-924D-861A74E02171}.Debug|x86.ActiveCfg = Debug|x86
		{04587770-630F-4A36-924D-861A74E02171}.Debug|x86.Build.0 = Debug|x86
		{04587770-630F-4A36-924D-861A74E02171}.Release|Any CPU.ActiveCfg = Release|Any CPU
		{04587770-630F-4A36-924D-861A74E02171}.Release|Any CPU.Build.0 = Release|Any CPU
		{04587770-630F-4A36-924D-861A74E02171}.Release|x64.ActiveCfg = Release|x64
		{04587770-630F-4A36-924D-861A74E02171}.Release|x64.Build.0 = Release|x64
		{04587770-630F-4A36-924D-861A74E02171}.Release|x86.ActiveCfg = Release|x86
		{04587770-630F-4A36-924D-861A74E02171}.Release|x86.Build.0 = Release|x86
		{C8D7FDB3-AD8C-4EF3-AFD3-0D8F661390C3}.Debug|Any CPU.ActiveCfg = Debug|Any CPU
		{C8D7FDB3-AD8C-4EF3-AFD3-0D8F661390C3}.Debug|Any CPU.Build.0 = Debug|Any CPU
		{C8D7FDB3-AD8C-4EF3-AFD3-0D8F661390C3}.Debug|x64.ActiveCfg = Debug|x64
		{C8D7FDB3-AD8C-4EF3-AFD3-0D8F661390C3}.Debug|x64.Build.0 = Debug|x64
		{C8D7FDB3-AD8C-4EF3-AFD3-0D8F661390C3}.Debug|x86.ActiveCfg = Debug|x86
		{C8D7FDB3-AD8C-4EF3-AFD3-0D8F661390C3}.Debug|x86.Build.0 = Debug|x86
		{C8D7FDB3-AD8C-4EF3-AFD3-0D8F661390C3}.Release|Any CPU.ActiveCfg = Release|Any CPU
		{C8D7FDB3-AD8C-4EF3-AFD3-0D8F661390C3}.Release|Any CPU.Build.0 = Release|Any CPU
		{C8D7FDB3-AD8C-4EF3-AFD3-0D8F661390C3}.Release|x64.ActiveCfg = Release|x64
		{C8D7FDB3-AD8C-4EF3-AFD3-0D8F661390C3}.Release|x64.Build.0 = Release|x64
		{C8D7FDB3-AD8C-4EF3-AFD3-0D8F661390C3}.Release|x86.ActiveCfg = Release|x86
		{C8D7FDB3-AD8C-4EF3-AFD3-0D8F661390C3}.Release|x86.Build.0 = Release|x86
		{F7BE2340-918C-40E7-BA8A-00AC98005EB8}.Debug|Any CPU.ActiveCfg = Debug|Any CPU
		{F7BE2340-918C-40E7-BA8A-00AC98005EB8}.Debug|Any CPU.Build.0 = Debug|Any CPU
		{F7BE2340-918C-40E7-BA8A-00AC98005EB8}.Debug|x64.ActiveCfg = Debug|x64
		{F7BE2340-918C-40E7-BA8A-00AC98005EB8}.Debug|x64.Build.0 = Debug|x64
		{F7BE2340-918C-40E7-BA8A-00AC98005EB8}.Debug|x86.ActiveCfg = Debug|x86
		{F7BE2340-918C-40E7-BA8A-00AC98005EB8}.Debug|x86.Build.0 = Debug|x86
		{F7BE2340-918C-40E7-BA8A-00AC98005EB8}.Release|Any CPU.ActiveCfg = Release|Any CPU
		{F7BE2340-918C-40E7-BA8A-00AC98005EB8}.Release|Any CPU.Build.0 = Release|Any CPU
		{F7BE2340-918C-40E7-BA8A-00AC98005EB8}.Release|x64.ActiveCfg = Release|x64
		{F7BE2340-918C-40E7-BA8A-00AC98005EB8}.Release|x64.Build.0 = Release|x64
		{F7BE2340-918C-40E7-BA8A-00AC98005EB8}.Release|x86.ActiveCfg = Release|x86
		{F7BE2340-918C-40E7-BA8A-00AC98005EB8}.Release|x86.Build.0 = Release|x86
		{F20AD8A5-6759-467C-848C-D7F9544CF9BD}.Debug|Any CPU.ActiveCfg = Debug|Any CPU
		{F20AD8A5-6759-467C-848C-D7F9544CF9BD}.Debug|Any CPU.Build.0 = Debug|Any CPU
		{F20AD8A5-6759-467C-848C-D7F9544CF9BD}.Debug|x64.ActiveCfg = Debug|x64
		{F20AD8A5-6759-467C-848C-D7F9544CF9BD}.Debug|x64.Build.0 = Debug|x64
		{F20AD8A5-6759-467C-848C-D7F9544CF9BD}.Debug|x86.ActiveCfg = Debug|x86
		{F20AD8A5-6759-467C-848C-D7F9544CF9BD}.Debug|x86.Build.0 = Debug|x86
		{F20AD8A5-6759-467C-848C-D7F9544CF9BD}.Release|Any CPU.ActiveCfg = Release|Any CPU
		{F20AD8A5-6759-467C-848C-D7F9544CF9BD}.Release|Any CPU.Build.0 = Release|Any CPU
		{F20AD8A5-6759-467C-848C-D7F9544CF9BD}.Release|x64.ActiveCfg = Release|x64
		{F20AD8A5-6759-467C-848C-D7F9544CF9BD}.Release|x64.Build.0 = Release|x64
		{F20AD8A5-6759-467C-848C-D7F9544CF9BD}.Release|x86.ActiveCfg = Release|x86
		{F20AD8A5-6759-467C-848C-D7F9544CF9BD}.Release|x86.Build.0 = Release|x86
		{57A5848D-E248-43C5-AB62-8E21D94F1551}.Debug|Any CPU.ActiveCfg = Debug|Any CPU
		{57A5848D-E248-43C5-AB62-8E21D94F1551}.Debug|Any CPU.Build.0 = Debug|Any CPU
		{57A5848D-E248-43C5-AB62-8E21D94F1551}.Debug|x64.ActiveCfg = Debug|x64
		{57A5848D-E248-43C5-AB62-8E21D94F1551}.Debug|x64.Build.0 = Debug|x64
		{57A5848D-E248-43C5-AB62-8E21D94F1551}.Debug|x86.ActiveCfg = Debug|x86
		{57A5848D-E248-43C5-AB62-8E21D94F1551}.Debug|x86.Build.0 = Debug|x86
		{57A5848D-E248-43C5-AB62-8E21D94F1551}.Release|Any CPU.ActiveCfg = Release|Any CPU
		{57A5848D-E248-43C5-AB62-8E21D94F1551}.Release|Any CPU.Build.0 = Release|Any CPU
		{57A5848D-E248-43C5-AB62-8E21D94F1551}.Release|x64.ActiveCfg = Release|x64
		{57A5848D-E248-43C5-AB62-8E21D94F1551}.Release|x64.Build.0 = Release|x64
		{57A5848D-E248-43C5-AB62-8E21D94F1551}.Release|x86.ActiveCfg = Release|x86
		{57A5848D-E248-43C5-AB62-8E21D94F1551}.Release|x86.Build.0 = Release|x86
		{1A84274B-CC21-43F0-A586-D02AC32E0190}.Debug|Any CPU.ActiveCfg = Debug|Any CPU
		{1A84274B-CC21-43F0-A586-D02AC32E0190}.Debug|Any CPU.Build.0 = Debug|Any CPU
		{1A84274B-CC21-43F0-A586-D02AC32E0190}.Debug|x64.ActiveCfg = Debug|x64
		{1A84274B-CC21-43F0-A586-D02AC32E0190}.Debug|x64.Build.0 = Debug|x64
		{1A84274B-CC21-43F0-A586-D02AC32E0190}.Debug|x86.ActiveCfg = Debug|x86
		{1A84274B-CC21-43F0-A586-D02AC32E0190}.Debug|x86.Build.0 = Debug|x86
		{1A84274B-CC21-43F0-A586-D02AC32E0190}.Release|Any CPU.ActiveCfg = Release|Any CPU
		{1A84274B-CC21-43F0-A586-D02AC32E0190}.Release|Any CPU.Build.0 = Release|Any CPU
		{1A84274B-CC21-43F0-A586-D02AC32E0190}.Release|x64.ActiveCfg = Release|x64
		{1A84274B-CC21-43F0-A586-D02AC32E0190}.Release|x64.Build.0 = Release|x64
		{1A84274B-CC21-43F0-A586-D02AC32E0190}.Release|x86.ActiveCfg = Release|x86
		{1A84274B-CC21-43F0-A586-D02AC32E0190}.Release|x86.Build.0 = Release|x86
		{60FC5F14-C3E8-4A32-A0F0-17BBD23524F7}.Debug|Any CPU.ActiveCfg = Debug|Any CPU
		{60FC5F14-C3E8-4A32-A0F0-17BBD23524F7}.Debug|Any CPU.Build.0 = Debug|Any CPU
		{60FC5F14-C3E8-4A32-A0F0-17BBD23524F7}.Debug|x64.ActiveCfg = Debug|x64
		{60FC5F14-C3E8-4A32-A0F0-17BBD23524F7}.Debug|x64.Build.0 = Debug|x64
		{60FC5F14-C3E8-4A32-A0F0-17BBD23524F7}.Debug|x86.ActiveCfg = Debug|x86
		{60FC5F14-C3E8-4A32-A0F0-17BBD23524F7}.Debug|x86.Build.0 = Debug|x86
		{60FC5F14-C3E8-4A32-A0F0-17BBD23524F7}.Release|Any CPU.ActiveCfg = Release|Any CPU
		{60FC5F14-C3E8-4A32-A0F0-17BBD23524F7}.Release|Any CPU.Build.0 = Release|Any CPU
		{60FC5F14-C3E8-4A32-A0F0-17BBD23524F7}.Release|x64.ActiveCfg = Release|x64
		{60FC5F14-C3E8-4A32-A0F0-17BBD23524F7}.Release|x64.Build.0 = Release|x64
		{60FC5F14-C3E8-4A32-A0F0-17BBD23524F7}.Release|x86.ActiveCfg = Release|x86
		{60FC5F14-C3E8-4A32-A0F0-17BBD23524F7}.Release|x86.Build.0 = Release|x86
		{C476D7B3-7814-48AA-87A1-ECAE8E8A7F4F}.Debug|Any CPU.ActiveCfg = Debug|Any CPU
		{C476D7B3-7814-48AA-87A1-ECAE8E8A7F4F}.Debug|Any CPU.Build.0 = Debug|Any CPU
		{C476D7B3-7814-48AA-87A1-ECAE8E8A7F4F}.Debug|x64.ActiveCfg = Debug|x64
		{C476D7B3-7814-48AA-87A1-ECAE8E8A7F4F}.Debug|x64.Build.0 = Debug|x64
		{C476D7B3-7814-48AA-87A1-ECAE8E8A7F4F}.Debug|x86.ActiveCfg = Debug|x86
		{C476D7B3-7814-48AA-87A1-ECAE8E8A7F4F}.Debug|x86.Build.0 = Debug|x86
		{C476D7B3-7814-48AA-87A1-ECAE8E8A7F4F}.Release|Any CPU.ActiveCfg = Release|Any CPU
		{C476D7B3-7814-48AA-87A1-ECAE8E8A7F4F}.Release|Any CPU.Build.0 = Release|Any CPU
		{C476D7B3-7814-48AA-87A1-ECAE8E8A7F4F}.Release|x64.ActiveCfg = Release|x64
		{C476D7B3-7814-48AA-87A1-ECAE8E8A7F4F}.Release|x64.Build.0 = Release|x64
		{C476D7B3-7814-48AA-87A1-ECAE8E8A7F4F}.Release|x86.ActiveCfg = Release|x86
		{C476D7B3-7814-48AA-87A1-ECAE8E8A7F4F}.Release|x86.Build.0 = Release|x86
		{5D65E6D9-F3BA-415E-A199-8B40BC6AF57C}.Debug|Any CPU.ActiveCfg = Debug|Any CPU
		{5D65E6D9-F3BA-415E-A199-8B40BC6AF57C}.Debug|Any CPU.Build.0 = Debug|Any CPU
		{5D65E6D9-F3BA-415E-A199-8B40BC6AF57C}.Debug|x64.ActiveCfg = Debug|x64
		{5D65E6D9-F3BA-415E-A199-8B40BC6AF57C}.Debug|x64.Build.0 = Debug|x64
		{5D65E6D9-F3BA-415E-A199-8B40BC6AF57C}.Debug|x86.ActiveCfg = Debug|x86
		{5D65E6D9-F3BA-415E-A199-8B40BC6AF57C}.Debug|x86.Build.0 = Debug|x86
		{5D65E6D9-F3BA-415E-A199-8B40BC6AF57C}.Release|Any CPU.ActiveCfg = Release|Any CPU
		{5D65E6D9-F3BA-415E-A199-8B40BC6AF57C}.Release|Any CPU.Build.0 = Release|Any CPU
		{5D65E6D9-F3BA-415E-A199-8B40BC6AF57C}.Release|x64.ActiveCfg = Release|x64
		{5D65E6D9-F3BA-415E-A199-8B40BC6AF57C}.Release|x64.Build.0 = Release|x64
		{5D65E6D9-F3BA-415E-A199-8B40BC6AF57C}.Release|x86.ActiveCfg = Release|x86
		{5D65E6D9-F3BA-415E-A199-8B40BC6AF57C}.Release|x86.Build.0 = Release|x86
		{9699DCE4-6DD7-441B-B645-DDD8268BE838}.Debug|Any CPU.ActiveCfg = Debug|Any CPU
		{9699DCE4-6DD7-441B-B645-DDD8268BE838}.Debug|Any CPU.Build.0 = Debug|Any CPU
		{9699DCE4-6DD7-441B-B645-DDD8268BE838}.Debug|x64.ActiveCfg = Debug|x64
		{9699DCE4-6DD7-441B-B645-DDD8268BE838}.Debug|x64.Build.0 = Debug|x64
		{9699DCE4-6DD7-441B-B645-DDD8268BE838}.Debug|x86.ActiveCfg = Debug|x86
		{9699DCE4-6DD7-441B-B645-DDD8268BE838}.Debug|x86.Build.0 = Debug|x86
		{9699DCE4-6DD7-441B-B645-DDD8268BE838}.Release|Any CPU.ActiveCfg = Release|Any CPU
		{9699DCE4-6DD7-441B-B645-DDD8268BE838}.Release|Any CPU.Build.0 = Release|Any CPU
		{9699DCE4-6DD7-441B-B645-DDD8268BE838}.Release|x64.ActiveCfg = Release|x64
		{9699DCE4-6DD7-441B-B645-DDD8268BE838}.Release|x64.Build.0 = Release|x64
		{9699DCE4-6DD7-441B-B645-DDD8268BE838}.Release|x86.ActiveCfg = Release|x86
		{9699DCE4-6DD7-441B-B645-DDD8268BE838}.Release|x86.Build.0 = Release|x86
		{AE067565-C1EB-48E0-9A27-028DEB48101D}.Debug|Any CPU.ActiveCfg = Debug|Any CPU
		{AE067565-C1EB-48E0-9A27-028DEB48101D}.Debug|Any CPU.Build.0 = Debug|Any CPU
		{AE067565-C1EB-48E0-9A27-028DEB48101D}.Debug|x64.ActiveCfg = Debug|x64
		{AE067565-C1EB-48E0-9A27-028DEB48101D}.Debug|x64.Build.0 = Debug|x64
		{AE067565-C1EB-48E0-9A27-028DEB48101D}.Debug|x86.ActiveCfg = Debug|x86
		{AE067565-C1EB-48E0-9A27-028DEB48101D}.Debug|x86.Build.0 = Debug|x86
		{AE067565-C1EB-48E0-9A27-028DEB48101D}.Release|Any CPU.ActiveCfg = Release|Any CPU
		{AE067565-C1EB-48E0-9A27-028DEB48101D}.Release|Any CPU.Build.0 = Release|Any CPU
		{AE067565-C1EB-48E0-9A27-028DEB48101D}.Release|x64.ActiveCfg = Release|x64
		{AE067565-C1EB-48E0-9A27-028DEB48101D}.Release|x64.Build.0 = Release|x64
		{AE067565-C1EB-48E0-9A27-028DEB48101D}.Release|x86.ActiveCfg = Release|x86
		{AE067565-C1EB-48E0-9A27-028DEB48101D}.Release|x86.Build.0 = Release|x86
		{239D75AB-0684-4BD4-B94B-9BED3EB5F44C}.Debug|Any CPU.ActiveCfg = Debug|Any CPU
		{239D75AB-0684-4BD4-B94B-9BED3EB5F44C}.Debug|Any CPU.Build.0 = Debug|Any CPU
		{239D75AB-0684-4BD4-B94B-9BED3EB5F44C}.Debug|x64.ActiveCfg = Debug|x64
		{239D75AB-0684-4BD4-B94B-9BED3EB5F44C}.Debug|x64.Build.0 = Debug|x64
		{239D75AB-0684-4BD4-B94B-9BED3EB5F44C}.Debug|x86.ActiveCfg = Debug|x86
		{239D75AB-0684-4BD4-B94B-9BED3EB5F44C}.Debug|x86.Build.0 = Debug|x86
		{239D75AB-0684-4BD4-B94B-9BED3EB5F44C}.Release|Any CPU.ActiveCfg = Release|Any CPU
		{239D75AB-0684-4BD4-B94B-9BED3EB5F44C}.Release|Any CPU.Build.0 = Release|Any CPU
		{239D75AB-0684-4BD4-B94B-9BED3EB5F44C}.Release|x64.ActiveCfg = Release|x64
		{239D75AB-0684-4BD4-B94B-9BED3EB5F44C}.Release|x64.Build.0 = Release|x64
		{239D75AB-0684-4BD4-B94B-9BED3EB5F44C}.Release|x86.ActiveCfg = Release|x86
		{239D75AB-0684-4BD4-B94B-9BED3EB5F44C}.Release|x86.Build.0 = Release|x86
		{AE20F222-13BB-4182-B07E-C254C615788E}.Debug|Any CPU.ActiveCfg = Debug|Any CPU
		{AE20F222-13BB-4182-B07E-C254C615788E}.Debug|Any CPU.Build.0 = Debug|Any CPU
		{AE20F222-13BB-4182-B07E-C254C615788E}.Debug|x64.ActiveCfg = Debug|x64
		{AE20F222-13BB-4182-B07E-C254C615788E}.Debug|x64.Build.0 = Debug|x64
		{AE20F222-13BB-4182-B07E-C254C615788E}.Debug|x86.ActiveCfg = Debug|x86
		{AE20F222-13BB-4182-B07E-C254C615788E}.Debug|x86.Build.0 = Debug|x86
		{AE20F222-13BB-4182-B07E-C254C615788E}.Release|Any CPU.ActiveCfg = Release|Any CPU
		{AE20F222-13BB-4182-B07E-C254C615788E}.Release|Any CPU.Build.0 = Release|Any CPU
		{AE20F222-13BB-4182-B07E-C254C615788E}.Release|x64.ActiveCfg = Release|x64
		{AE20F222-13BB-4182-B07E-C254C615788E}.Release|x64.Build.0 = Release|x64
		{AE20F222-13BB-4182-B07E-C254C615788E}.Release|x86.ActiveCfg = Release|x86
		{AE20F222-13BB-4182-B07E-C254C615788E}.Release|x86.Build.0 = Release|x86
		{5AEB85E3-F139-43F1-B884-7F4455A4FA6B}.Debug|Any CPU.ActiveCfg = Debug|Any CPU
		{5AEB85E3-F139-43F1-B884-7F4455A4FA6B}.Debug|Any CPU.Build.0 = Debug|Any CPU
		{5AEB85E3-F139-43F1-B884-7F4455A4FA6B}.Debug|x64.ActiveCfg = Debug|x64
		{5AEB85E3-F139-43F1-B884-7F4455A4FA6B}.Debug|x64.Build.0 = Debug|x64
		{5AEB85E3-F139-43F1-B884-7F4455A4FA6B}.Debug|x86.ActiveCfg = Debug|x86
		{5AEB85E3-F139-43F1-B884-7F4455A4FA6B}.Debug|x86.Build.0 = Debug|x86
		{5AEB85E3-F139-43F1-B884-7F4455A4FA6B}.Release|Any CPU.ActiveCfg = Release|Any CPU
		{5AEB85E3-F139-43F1-B884-7F4455A4FA6B}.Release|Any CPU.Build.0 = Release|Any CPU
		{5AEB85E3-F139-43F1-B884-7F4455A4FA6B}.Release|x64.ActiveCfg = Release|x64
		{5AEB85E3-F139-43F1-B884-7F4455A4FA6B}.Release|x64.Build.0 = Release|x64
		{5AEB85E3-F139-43F1-B884-7F4455A4FA6B}.Release|x86.ActiveCfg = Release|x86
		{5AEB85E3-F139-43F1-B884-7F4455A4FA6B}.Release|x86.Build.0 = Release|x86
		{DD2E9637-BDA1-4A33-BB30-CB9CA4412BFE}.Debug|Any CPU.ActiveCfg = Debug|Any CPU
		{DD2E9637-BDA1-4A33-BB30-CB9CA4412BFE}.Debug|Any CPU.Build.0 = Debug|Any CPU
		{DD2E9637-BDA1-4A33-BB30-CB9CA4412BFE}.Debug|x64.ActiveCfg = Debug|x64
		{DD2E9637-BDA1-4A33-BB30-CB9CA4412BFE}.Debug|x64.Build.0 = Debug|x64
		{DD2E9637-BDA1-4A33-BB30-CB9CA4412BFE}.Debug|x86.ActiveCfg = Debug|x86
		{DD2E9637-BDA1-4A33-BB30-CB9CA4412BFE}.Debug|x86.Build.0 = Debug|x86
		{DD2E9637-BDA1-4A33-BB30-CB9CA4412BFE}.Release|Any CPU.ActiveCfg = Release|Any CPU
		{DD2E9637-BDA1-4A33-BB30-CB9CA4412BFE}.Release|Any CPU.Build.0 = Release|Any CPU
		{DD2E9637-BDA1-4A33-BB30-CB9CA4412BFE}.Release|x64.ActiveCfg = Release|x64
		{DD2E9637-BDA1-4A33-BB30-CB9CA4412BFE}.Release|x64.Build.0 = Release|x64
		{DD2E9637-BDA1-4A33-BB30-CB9CA4412BFE}.Release|x86.ActiveCfg = Release|x86
		{DD2E9637-BDA1-4A33-BB30-CB9CA4412BFE}.Release|x86.Build.0 = Release|x86
		{8F128C29-2BBC-4FF3-B06B-01293AD5A83C}.Debug|Any CPU.ActiveCfg = Debug|Any CPU
		{8F128C29-2BBC-4FF3-B06B-01293AD5A83C}.Debug|Any CPU.Build.0 = Debug|Any CPU
		{8F128C29-2BBC-4FF3-B06B-01293AD5A83C}.Debug|x64.ActiveCfg = Debug|x64
		{8F128C29-2BBC-4FF3-B06B-01293AD5A83C}.Debug|x64.Build.0 = Debug|x64
		{8F128C29-2BBC-4FF3-B06B-01293AD5A83C}.Debug|x86.ActiveCfg = Debug|x86
		{8F128C29-2BBC-4FF3-B06B-01293AD5A83C}.Debug|x86.Build.0 = Debug|x86
		{8F128C29-2BBC-4FF3-B06B-01293AD5A83C}.Release|Any CPU.ActiveCfg = Release|Any CPU
		{8F128C29-2BBC-4FF3-B06B-01293AD5A83C}.Release|Any CPU.Build.0 = Release|Any CPU
		{8F128C29-2BBC-4FF3-B06B-01293AD5A83C}.Release|x64.ActiveCfg = Release|x64
		{8F128C29-2BBC-4FF3-B06B-01293AD5A83C}.Release|x64.Build.0 = Release|x64
		{8F128C29-2BBC-4FF3-B06B-01293AD5A83C}.Release|x86.ActiveCfg = Release|x86
		{8F128C29-2BBC-4FF3-B06B-01293AD5A83C}.Release|x86.Build.0 = Release|x86
		{3532EAED-77F3-434D-BE82-425D086AD8DD}.Debug|Any CPU.ActiveCfg = Debug|Any CPU
		{3532EAED-77F3-434D-BE82-425D086AD8DD}.Debug|Any CPU.Build.0 = Debug|Any CPU
		{3532EAED-77F3-434D-BE82-425D086AD8DD}.Debug|x64.ActiveCfg = Debug|x64
		{3532EAED-77F3-434D-BE82-425D086AD8DD}.Debug|x64.Build.0 = Debug|x64
		{3532EAED-77F3-434D-BE82-425D086AD8DD}.Debug|x86.ActiveCfg = Debug|x86
		{3532EAED-77F3-434D-BE82-425D086AD8DD}.Debug|x86.Build.0 = Debug|x86
		{3532EAED-77F3-434D-BE82-425D086AD8DD}.Release|Any CPU.ActiveCfg = Release|Any CPU
		{3532EAED-77F3-434D-BE82-425D086AD8DD}.Release|Any CPU.Build.0 = Release|Any CPU
		{3532EAED-77F3-434D-BE82-425D086AD8DD}.Release|x64.ActiveCfg = Release|x64
		{3532EAED-77F3-434D-BE82-425D086AD8DD}.Release|x64.Build.0 = Release|x64
		{3532EAED-77F3-434D-BE82-425D086AD8DD}.Release|x86.ActiveCfg = Release|x86
		{3532EAED-77F3-434D-BE82-425D086AD8DD}.Release|x86.Build.0 = Release|x86
		{E936BACE-2AFD-4FC4-B6A9-5F726B8F2122}.Debug|Any CPU.ActiveCfg = Debug|Any CPU
		{E936BACE-2AFD-4FC4-B6A9-5F726B8F2122}.Debug|Any CPU.Build.0 = Debug|Any CPU
		{E936BACE-2AFD-4FC4-B6A9-5F726B8F2122}.Debug|x64.ActiveCfg = Debug|x64
		{E936BACE-2AFD-4FC4-B6A9-5F726B8F2122}.Debug|x64.Build.0 = Debug|x64
		{E936BACE-2AFD-4FC4-B6A9-5F726B8F2122}.Debug|x86.ActiveCfg = Debug|x86
		{E936BACE-2AFD-4FC4-B6A9-5F726B8F2122}.Debug|x86.Build.0 = Debug|x86
		{E936BACE-2AFD-4FC4-B6A9-5F726B8F2122}.Release|Any CPU.ActiveCfg = Release|Any CPU
		{E936BACE-2AFD-4FC4-B6A9-5F726B8F2122}.Release|Any CPU.Build.0 = Release|Any CPU
		{E936BACE-2AFD-4FC4-B6A9-5F726B8F2122}.Release|x64.ActiveCfg = Release|x64
		{E936BACE-2AFD-4FC4-B6A9-5F726B8F2122}.Release|x64.Build.0 = Release|x64
		{E936BACE-2AFD-4FC4-B6A9-5F726B8F2122}.Release|x86.ActiveCfg = Release|x86
		{E936BACE-2AFD-4FC4-B6A9-5F726B8F2122}.Release|x86.Build.0 = Release|x86
		{AA12F358-BA30-4157-A1E8-342DEF34A5B5}.Debug|Any CPU.ActiveCfg = Debug|Any CPU
		{AA12F358-BA30-4157-A1E8-342DEF34A5B5}.Debug|Any CPU.Build.0 = Debug|Any CPU
		{AA12F358-BA30-4157-A1E8-342DEF34A5B5}.Debug|x64.ActiveCfg = Debug|x64
		{AA12F358-BA30-4157-A1E8-342DEF34A5B5}.Debug|x64.Build.0 = Debug|x64
		{AA12F358-BA30-4157-A1E8-342DEF34A5B5}.Debug|x86.ActiveCfg = Debug|x86
		{AA12F358-BA30-4157-A1E8-342DEF34A5B5}.Debug|x86.Build.0 = Debug|x86
		{AA12F358-BA30-4157-A1E8-342DEF34A5B5}.Release|Any CPU.ActiveCfg = Release|Any CPU
		{AA12F358-BA30-4157-A1E8-342DEF34A5B5}.Release|Any CPU.Build.0 = Release|Any CPU
		{AA12F358-BA30-4157-A1E8-342DEF34A5B5}.Release|x64.ActiveCfg = Release|x64
		{AA12F358-BA30-4157-A1E8-342DEF34A5B5}.Release|x64.Build.0 = Release|x64
		{AA12F358-BA30-4157-A1E8-342DEF34A5B5}.Release|x86.ActiveCfg = Release|x86
		{AA12F358-BA30-4157-A1E8-342DEF34A5B5}.Release|x86.Build.0 = Release|x86
		{C0187C7D-3101-4BD0-86BB-9ACDF48D74A8}.Debug|Any CPU.ActiveCfg = Debug|Any CPU
		{C0187C7D-3101-4BD0-86BB-9ACDF48D74A8}.Debug|Any CPU.Build.0 = Debug|Any CPU
		{C0187C7D-3101-4BD0-86BB-9ACDF48D74A8}.Debug|x64.ActiveCfg = Debug|x64
		{C0187C7D-3101-4BD0-86BB-9ACDF48D74A8}.Debug|x64.Build.0 = Debug|x64
		{C0187C7D-3101-4BD0-86BB-9ACDF48D74A8}.Debug|x86.ActiveCfg = Debug|x86
		{C0187C7D-3101-4BD0-86BB-9ACDF48D74A8}.Debug|x86.Build.0 = Debug|x86
		{C0187C7D-3101-4BD0-86BB-9ACDF48D74A8}.Release|Any CPU.ActiveCfg = Release|Any CPU
		{C0187C7D-3101-4BD0-86BB-9ACDF48D74A8}.Release|Any CPU.Build.0 = Release|Any CPU
		{C0187C7D-3101-4BD0-86BB-9ACDF48D74A8}.Release|x64.ActiveCfg = Release|x64
		{C0187C7D-3101-4BD0-86BB-9ACDF48D74A8}.Release|x64.Build.0 = Release|x64
		{C0187C7D-3101-4BD0-86BB-9ACDF48D74A8}.Release|x86.ActiveCfg = Release|x86
		{C0187C7D-3101-4BD0-86BB-9ACDF48D74A8}.Release|x86.Build.0 = Release|x86
		{4BCFD069-34A2-4D80-859A-B609B24D90AB}.Debug|Any CPU.ActiveCfg = Debug|Any CPU
		{4BCFD069-34A2-4D80-859A-B609B24D90AB}.Debug|Any CPU.Build.0 = Debug|Any CPU
		{4BCFD069-34A2-4D80-859A-B609B24D90AB}.Debug|x64.ActiveCfg = Debug|x64
		{4BCFD069-34A2-4D80-859A-B609B24D90AB}.Debug|x64.Build.0 = Debug|x64
		{4BCFD069-34A2-4D80-859A-B609B24D90AB}.Debug|x86.ActiveCfg = Debug|x86
		{4BCFD069-34A2-4D80-859A-B609B24D90AB}.Debug|x86.Build.0 = Debug|x86
		{4BCFD069-34A2-4D80-859A-B609B24D90AB}.Release|Any CPU.ActiveCfg = Release|Any CPU
		{4BCFD069-34A2-4D80-859A-B609B24D90AB}.Release|Any CPU.Build.0 = Release|Any CPU
		{4BCFD069-34A2-4D80-859A-B609B24D90AB}.Release|x64.ActiveCfg = Release|x64
		{4BCFD069-34A2-4D80-859A-B609B24D90AB}.Release|x64.Build.0 = Release|x64
		{4BCFD069-34A2-4D80-859A-B609B24D90AB}.Release|x86.ActiveCfg = Release|x86
		{4BCFD069-34A2-4D80-859A-B609B24D90AB}.Release|x86.Build.0 = Release|x86
		{1DD31EA6-5A3E-4455-9976-E8D5EAB1C8B5}.Debug|Any CPU.ActiveCfg = Debug|Any CPU
		{1DD31EA6-5A3E-4455-9976-E8D5EAB1C8B5}.Debug|Any CPU.Build.0 = Debug|Any CPU
		{1DD31EA6-5A3E-4455-9976-E8D5EAB1C8B5}.Debug|x64.ActiveCfg = Debug|x64
		{1DD31EA6-5A3E-4455-9976-E8D5EAB1C8B5}.Debug|x64.Build.0 = Debug|x64
		{1DD31EA6-5A3E-4455-9976-E8D5EAB1C8B5}.Debug|x86.ActiveCfg = Debug|x86
		{1DD31EA6-5A3E-4455-9976-E8D5EAB1C8B5}.Debug|x86.Build.0 = Debug|x86
		{1DD31EA6-5A3E-4455-9976-E8D5EAB1C8B5}.Release|Any CPU.ActiveCfg = Release|Any CPU
		{1DD31EA6-5A3E-4455-9976-E8D5EAB1C8B5}.Release|Any CPU.Build.0 = Release|Any CPU
		{1DD31EA6-5A3E-4455-9976-E8D5EAB1C8B5}.Release|x64.ActiveCfg = Release|x64
		{1DD31EA6-5A3E-4455-9976-E8D5EAB1C8B5}.Release|x64.Build.0 = Release|x64
		{1DD31EA6-5A3E-4455-9976-E8D5EAB1C8B5}.Release|x86.ActiveCfg = Release|x86
		{1DD31EA6-5A3E-4455-9976-E8D5EAB1C8B5}.Release|x86.Build.0 = Release|x86
		{1A86CFFE-7976-4FC2-9BDF-91FA7AE6496F}.Debug|Any CPU.ActiveCfg = Debug|Any CPU
		{1A86CFFE-7976-4FC2-9BDF-91FA7AE6496F}.Debug|Any CPU.Build.0 = Debug|Any CPU
		{1A86CFFE-7976-4FC2-9BDF-91FA7AE6496F}.Debug|x64.ActiveCfg = Debug|x64
		{1A86CFFE-7976-4FC2-9BDF-91FA7AE6496F}.Debug|x64.Build.0 = Debug|x64
		{1A86CFFE-7976-4FC2-9BDF-91FA7AE6496F}.Debug|x86.ActiveCfg = Debug|x86
		{1A86CFFE-7976-4FC2-9BDF-91FA7AE6496F}.Debug|x86.Build.0 = Debug|x86
		{1A86CFFE-7976-4FC2-9BDF-91FA7AE6496F}.Release|Any CPU.ActiveCfg = Release|Any CPU
		{1A86CFFE-7976-4FC2-9BDF-91FA7AE6496F}.Release|Any CPU.Build.0 = Release|Any CPU
		{1A86CFFE-7976-4FC2-9BDF-91FA7AE6496F}.Release|x64.ActiveCfg = Release|x64
		{1A86CFFE-7976-4FC2-9BDF-91FA7AE6496F}.Release|x64.Build.0 = Release|x64
		{1A86CFFE-7976-4FC2-9BDF-91FA7AE6496F}.Release|x86.ActiveCfg = Release|x86
		{1A86CFFE-7976-4FC2-9BDF-91FA7AE6496F}.Release|x86.Build.0 = Release|x86
	EndGlobalSection
	GlobalSection(SolutionProperties) = preSolution
		HideSolutionNode = FALSE
	EndGlobalSection
	GlobalSection(NestedProjects) = preSolution
		{2C957E5B-408D-4FD2-926E-63F5412EE1C9} = {534CFF1F-99F1-4B21-A10C-4533778DDC18}
		{1EF08624-C727-4F0B-ABCD-A49ADC3EB8BA} = {A1C9D23A-2E42-4DD1-B971-CABD68CD60B5}
		{4294FADF-F4E6-4385-99C1-0B51D91A06F4} = {A1C9D23A-2E42-4DD1-B971-CABD68CD60B5}
		{04587770-630F-4A36-924D-861A74E02171} = {A1C9D23A-2E42-4DD1-B971-CABD68CD60B5}
		{C8D7FDB3-AD8C-4EF3-AFD3-0D8F661390C3} = {A1C9D23A-2E42-4DD1-B971-CABD68CD60B5}
		{F7BE2340-918C-40E7-BA8A-00AC98005EB8} = {A1C9D23A-2E42-4DD1-B971-CABD68CD60B5}
		{F20AD8A5-6759-467C-848C-D7F9544CF9BD} = {A1C9D23A-2E42-4DD1-B971-CABD68CD60B5}
		{57A5848D-E248-43C5-AB62-8E21D94F1551} = {A1C9D23A-2E42-4DD1-B971-CABD68CD60B5}
		{1A84274B-CC21-43F0-A586-D02AC32E0190} = {A1C9D23A-2E42-4DD1-B971-CABD68CD60B5}
		{60FC5F14-C3E8-4A32-A0F0-17BBD23524F7} = {A1C9D23A-2E42-4DD1-B971-CABD68CD60B5}
		{C476D7B3-7814-48AA-87A1-ECAE8E8A7F4F} = {A1C9D23A-2E42-4DD1-B971-CABD68CD60B5}
		{9699DCE4-6DD7-441B-B645-DDD8268BE838} = {82EE5C9D-DE99-482D-9790-B6B77D4BB187}
		{AE067565-C1EB-48E0-9A27-028DEB48101D} = {82EE5C9D-DE99-482D-9790-B6B77D4BB187}
		{239D75AB-0684-4BD4-B94B-9BED3EB5F44C} = {82EE5C9D-DE99-482D-9790-B6B77D4BB187}
		{AE20F222-13BB-4182-B07E-C254C615788E} = {82EE5C9D-DE99-482D-9790-B6B77D4BB187}
		{5AEB85E3-F139-43F1-B884-7F4455A4FA6B} = {A1C9D23A-2E42-4DD1-B971-CABD68CD60B5}
		{DD2E9637-BDA1-4A33-BB30-CB9CA4412BFE} = {82EE5C9D-DE99-482D-9790-B6B77D4BB187}
		{8F128C29-2BBC-4FF3-B06B-01293AD5A83C} = {43A189C6-6833-42C9-97D9-1581FDAAE161}
		{3532EAED-77F3-434D-BE82-425D086AD8DD} = {43A189C6-6833-42C9-97D9-1581FDAAE161}
		{AA12F358-BA30-4157-A1E8-342DEF34A5B5} = {92138A98-81BF-4D5C-AF64-15FE8234526F}
		{C0187C7D-3101-4BD0-86BB-9ACDF48D74A8} = {43A189C6-6833-42C9-97D9-1581FDAAE161}
		{4BCFD069-34A2-4D80-859A-B609B24D90AB} = {43A189C6-6833-42C9-97D9-1581FDAAE161}
		{1DD31EA6-5A3E-4455-9976-E8D5EAB1C8B5} = {43A189C6-6833-42C9-97D9-1581FDAAE161}
		{1A86CFFE-7976-4FC2-9BDF-91FA7AE6496F} = {43A189C6-6833-42C9-97D9-1581FDAAE161}
	EndGlobalSection
EndGlobal
